Microsoft Visual Studio Solution File, Format Version 12.00
# Visual Studio Version 17
VisualStudioVersion = 17.5.2.0
MinimumVisualStudioVersion = 10.0.40219.1
Project("{FAE04EC0-301F-11D3-BF4B-00C04F79EFBC}") = "DesafioTarget_FelipeTorres", "DesafioTarget_FelipeTorres.csproj", "{55B260EF-AEEA-C1D8-7863-16D54BC3E6EA}"
EndProject
Global
	GlobalSection(SolutionConfigurationPlatforms) = preSolution
		Debug|Any CPU = Debug|Any CPU
		Release|Any CPU = Release|Any CPU
	EndGlobalSection
	GlobalSection(ProjectConfigurationPlatforms) = postSolution
		{55B260EF-AEEA-C1D8-7863-16D54BC3E6EA}.Debug|Any CPU.ActiveCfg = Debug|Any CPU
		{55B260EF-AEEA-C1D8-7863-16D54BC3E6EA}.Debug|Any CPU.Build.0 = Debug|Any CPU
		{55B260EF-AEEA-C1D8-7863-16D54BC3E6EA}.Release|Any CPU.ActiveCfg = Release|Any CPU
		{55B260EF-AEEA-C1D8-7863-16D54BC3E6EA}.Release|Any CPU.Build.0 = Release|Any CPU
	EndGlobalSection
	GlobalSection(SolutionProperties) = preSolution
		HideSolutionNode = FALSE
	EndGlobalSection
	GlobalSection(ExtensibilityGlobals) = postSolution
		SolutionGuid = {CFC75BD3-458C-44D2-8FD0-5B3A8319737E}
	EndGlobalSection
EndGlobal
